{
  "name": "message-data-worker",
  "lockfileVersion": 3,
  "requires": true,
  "packages": {
    "": {
      "name": "message-data-worker",
      "dependencies": {
        "@cloudflare/containers": "^0.1.0",
        "@cloudflare/opaque-ts": "^0.7.5",
        "jose": "^6.2.2"
      }
    },
    "node_modules/@cloudflare/containers": {
      "version": "0.1.1",
      "resolved": "https://registry.npmjs.org/@cloudflare/containers/-/containers-0.1.1.tgz",
      "integrity": "sha512-YTdobRTnTlUOUPMFemufH367A9Z8pDfZ+UboYMLbGpO0VlvEXZDiioSmXPQMHld2vRtkL31mcRii3bcbQU6fdw==",
      "license": "ISC"
    },
    "node_modules/@cloudflare/opaque-ts": {
      "version": "0.7.5",
      "resolved": "https://registry.npmjs.org/@cloudflare/opaque-ts/-/opaque-ts-0.7.5.tgz",
      "integrity": "sha512-S+BlQbKknJVdiX5bQELbLBwOHNfML/vNi4Zh3b5U7F3fU8gGeS/ozUYOLRd+i5v4gQutTNa4GFKStltr+4aG7w==",
      "license": "BSD-3-Clause",
      "dependencies": {
        "@cloudflare/voprf-ts": "0.8.0",
        "@noble/hashes": "0.4.4"
      }
    },
    "node_modules/@cloudflare/voprf-ts": {
      "version": "0.8.0",
      "resolved": "https://registry.npmjs.org/@cloudflare/voprf-ts/-/voprf-ts-0.8.0.tgz",
      "integrity": "sha512-fKKU2PHgVPyJ0xaxnKCZ2WEwNzN7QsT4M8n/iJ4oWNi2dnILGALhHhlGoRoUAXNunIxdRmbQi1xF2Vi2LaaMXQ==",
      "license": "BSD-3-Clause",
      "dependencies": {
        "sjcl": "^1.0.8"
      }
    },
    "node_modules/@noble/hashes": {
      "version": "0.4.4",
      "resolved": "https://registry.npmjs.org/@noble/hashes/-/hashes-0.4.4.tgz",
      "integrity": "sha512-crq2J2g8nIcczVZjYjIQ73GafloqJ6sSual8I/iC8iacMyHwI/ZVskR8Jn8ZmYBq48VC4G+16d2R0SYWVARYGg==",
      "deprecated": "Upgrade to v1.0.0 or higher for audited package",
      "license": "MIT"
    },
    "node_modules/jose": {
      "version": "6.2.2",
      "resolved": "https://registry.npmjs.org/jose/-/jose-6.2.2.tgz",
      "integrity": "sha512-d7kPDd34KO/YnzaDOlikGpOurfF0ByC2sEV4cANCtdqLlTfBlw2p14O/5d/zv40gJPbIQxfES3nSx1/oYNyuZQ==",
      "license": "MIT",
      "funding": {
        "url": "https://github.com/sponsors/panva"
      }
    },
    "node_modules/sjcl": {
      "version": "1.0.8",
      "resolved": "https://registry.npmjs.org/sjcl/-/sjcl-1.0.8.tgz",
      "integrity": "sha512-LzIjEQ0S0DpIgnxMEayM1rq9aGwGRG4OnZhCdjx7glTaJtf4zRfpg87ImfjSJjoW9vKpagd82McDOwbRT5kQKQ==",
      "license": "(BSD-2-Clause OR GPL-2.0-only)",
      "engines": {
        "node": "*"
      }
    }
  }
}
